schema: '2.0'
stages:
  silver:
    cmd: uv run python -m src.build_silver
    deps:
    - path: data/bronze
      hash: md5
      md5: 61b7b01c19ba8123795999c6c1f1b5eb.dir
      size: 67079
      nfiles: 5
    - path: src/config.py
      hash: md5
      md5: f8bc104694f15ecb593bd5565a4f46bd
      size: 1649
    - path: src/data_validation.py
      hash: md5
      md5: 253847b27fc9bfb80f5338d8b5a63eae
      size: 4230
    outs:
    - path: data/silver/silver.parquet
      hash: md5
      md5: 042ce4256dade1ed612c60e7b6bfa319
      size: 37024
  gold:
    cmd: uv run python -m src.build_gold
    deps:
    - path: data/silver/silver.parquet
      hash: md5
      md5: 042ce4256dade1ed612c60e7b6bfa319
      size: 37024
    - path: src/config.py
      hash: md5
      md5: f8bc104694f15ecb593bd5565a4f46bd
      size: 1649
    - path: src/data_validation.py
      hash: md5
      md5: 253847b27fc9bfb80f5338d8b5a63eae
      size: 4230
    outs:
    - path: data/gold/next_day_temp.parquet
      hash: md5
      md5: 4a220c2821db8b448393b869cdb332cd
      size: 90681
