schema: '2.0'
stages:
  silver:
    cmd: uv run python -m src.build_silver
    deps:
    - path: data/bronze
      hash: md5
      md5: 98bb39c5d10bc175cf48db73777da9ca.dir
      size: 67759
      nfiles: 5
    - path: src/config.py
      hash: md5
      md5: f8bc104694f15ecb593bd5565a4f46bd
      size: 1649
    - path: src/data_validation.py
      hash: md5
      md5: 253847b27fc9bfb80f5338d8b5a63eae
      size: 4230
    outs:
    - path: data/silver/silver.parquet
      hash: md5
      md5: 47397048d5a2fe62a3f5c2cd16a9f494
      size: 37115
  gold:
    cmd: uv run python -m src.build_gold
    deps:
    - path: data/silver/silver.parquet
      hash: md5
      md5: 47397048d5a2fe62a3f5c2cd16a9f494
      size: 37115
    - path: src/config.py
      hash: md5
      md5: f8bc104694f15ecb593bd5565a4f46bd
      size: 1649
    - path: src/data_validation.py
      hash: md5
      md5: 253847b27fc9bfb80f5338d8b5a63eae
      size: 4230
    outs:
    - path: data/gold/next_day_temp.parquet
      hash: md5
      md5: bed36079e9759c377c064d52e05ff72a
      size: 92855
