schema: '2.0'
stages:
  silver:
    cmd: uv run python -m src.build_silver
    deps:
    - path: data/bronze
      hash: md5
      md5: 05e4f32fb21543da0b59b6ead219eac7.dir
      size: 26369
      nfiles: 2
    - path: src/config.py
      hash: md5
      md5: f8bc104694f15ecb593bd5565a4f46bd
      size: 1649
    - path: src/data_validation.py
      hash: md5
      md5: 253847b27fc9bfb80f5338d8b5a63eae
      size: 4230
    outs:
    - path: data/silver/silver.parquet
      hash: md5
      md5: a75c282d1a101e1253502b9495d35dc2
      size: 17496
  gold:
    cmd: uv run python -m src.build_gold
    deps:
    - path: data/silver/silver.parquet
      hash: md5
      md5: a75c282d1a101e1253502b9495d35dc2
      size: 17496
    - path: src/config.py
      hash: md5
      md5: f8bc104694f15ecb593bd5565a4f46bd
      size: 1649
    - path: src/data_validation.py
      hash: md5
      md5: 253847b27fc9bfb80f5338d8b5a63eae
      size: 4230
    outs:
    - path: data/gold/next_day_temp.parquet
      hash: md5
      md5: a82686b4c4c6f80317fc4d4ab8075ba6
      size: 43721
